
Microsoft Visual Studio Solution File, Format Version 12.00
# Visual Studio 15
VisualStudioVersion = 15.0.28307.1022
MinimumVisualStudioVersion = 10.0.40219.1
Project("{FAE04EC0-301F-11D3-BF4B-00C04F79EFBC}") = "ComplexBessel", "ComplexBessel.csproj", "{955B5913-9FC5-40A1-9F2C-ED258466CFA6}"
EndProject
Global
	GlobalSection(SolutionConfigurationPlatforms) = preSolution
		Debug|Any CPU = Debug|Any CPU
		Release|Any CPU = Release|Any CPU
	EndGlobalSection
	GlobalSection(ProjectConfigurationPlatforms) = postSolution
		{955B5913-9FC5-40A1-9F2C-ED258466CFA6}.Debug|Any CPU.ActiveCfg = Debug|Any CPU
		{955B5913-9FC5-40A1-9F2C-ED258466CFA6}.Debug|Any CPU.Build.0 = Debug|Any CPU
		{955B5913-9FC5-40A1-9F2C-ED258466CFA6}.Release|Any CPU.ActiveCfg = Release|Any CPU
		{955B5913-9FC5-40A1-9F2C-ED258466CFA6}.Release|Any CPU.Build.0 = Release|Any CPU
	EndGlobalSection
	GlobalSection(SolutionProperties) = preSolution
		HideSolutionNode = FALSE
	EndGlobalSection
	GlobalSection(ExtensibilityGlobals) = postSolution
		SolutionGuid = {E89499E7-B5F0-4BBE-BF60-97F50C3627A1}
	EndGlobalSection
EndGlobal
